
Microsoft Visual Studio Solution File, Format Version 12.00
# Visual Studio Version 17
VisualStudioVersion = 17.12.35707.178
MinimumVisualStudioVersion = 10.0.40219.1
Project("{2150E333-8FDC-42A3-9474-1A3956D46DE8}") = "Proxy", "Proxy", "{6ED864DC-F025-406E-9EB8-45B9B8B6D093}"
EndProject
Project("{FAE04EC0-301F-11D3-BF4B-00C04F79EFBC}") = "Proxy", "Proxy\Proxy.csproj", "{AD7694AB-0847-40C4-8AE8-FEAE35BD6C56}"
EndProject
Project("{2150E333-8FDC-42A3-9474-1A3956D46DE8}") = "Application", "Application", "{751EAD50-9AD5-410C-8D54-0A2BB2889835}"
EndProject
Project("{2150E333-8FDC-42A3-9474-1A3956D46DE8}") = "Api", "Api", "{0438645B-6D2E-4492-9F88-4111EA6ADECE}"
EndProject
Project("{FAE04EC0-301F-11D3-BF4B-00C04F79EFBC}") = "Api", "Api\Api.csproj", "{88B53CD8-0EE8-4F01-83B9-6ADE888D554C}"
EndProject
Project("{FAE04EC0-301F-11D3-BF4B-00C04F79EFBC}") = "Application", "Application\Application.csproj", "{F7129158-DAA2-46CC-AB31-6E04F01D7BA0}"
EndProject
Project("{2150E333-8FDC-42A3-9474-1A3956D46DE8}") = "Infrastructure", "Infrastructure", "{5E10138D-8870-4058-A00C-8283A3CC0E72}"
EndProject
Project("{FAE04EC0-301F-11D3-BF4B-00C04F79EFBC}") = "Infrastructure", "Infrastructure\Infrastructure.csproj", "{F2E4694F-CB98-45E9-A8F4-FA3B5A8237D8}"
EndProject
Project("{2150E333-8FDC-42A3-9474-1A3956D46DE8}") = "Frontend", "Frontend", "{E6DA518B-08B5-45CB-A4D2-050AE67AAA82}"
EndProject
Project("{FAE04EC0-301F-11D3-BF4B-00C04F79EFBC}") = "Frontend", "Frontend\Frontend.csproj", "{4E192E8A-44BA-4EBE-9224-A993178FBB48}"
EndProject
Project("{2150E333-8FDC-42A3-9474-1A3956D46DE8}") = "Tests", "Tests", "{B6D6CFF2-56F4-4925-AA72-2805183A4A5B}"
EndProject
Project("{FAE04EC0-301F-11D3-BF4B-00C04F79EFBC}") = "Tests", "Tests\Tests.csproj", "{C93D2FA9-210C-443C-BF1F-8EB4AE93817C}"
EndProject
Project("{2150E333-8FDC-42A3-9474-1A3956D46DE8}") = "Domain", "Domain", "{43F5B84A-655F-4545-BFC7-479AEF7D20B2}"
EndProject
Project("{FAE04EC0-301F-11D3-BF4B-00C04F79EFBC}") = "Domain", "Domain\Domain.csproj", "{168B14B9-E905-409B-B369-92540D7E1ED1}"
EndProject
Global
	GlobalSection(SolutionConfigurationPlatforms) = preSolution
		Debug|Any CPU = Debug|Any CPU
		Release|Any CPU = Release|Any CPU
	EndGlobalSection
	GlobalSection(ProjectConfigurationPlatforms) = postSolution
		{AD7694AB-0847-40C4-8AE8-FEAE35BD6C56}.Debug|Any CPU.ActiveCfg = Debug|Any CPU
		{AD7694AB-0847-40C4-8AE8-FEAE35BD6C56}.Debug|Any CPU.Build.0 = Debug|Any CPU
		{AD7694AB-0847-40C4-8AE8-FEAE35BD6C56}.Release|Any CPU.ActiveCfg = Release|Any CPU
		{AD7694AB-0847-40C4-8AE8-FEAE35BD6C56}.Release|Any CPU.Build.0 = Release|Any CPU
		{88B53CD8-0EE8-4F01-83B9-6ADE888D554C}.Debug|Any CPU.ActiveCfg = Debug|Any CPU
		{88B53CD8-0EE8-4F01-83B9-6ADE888D554C}.Debug|Any CPU.Build.0 = Debug|Any CPU
		{88B53CD8-0EE8-4F01-83B9-6ADE888D554C}.Release|Any CPU.ActiveCfg = Release|Any CPU
		{88B53CD8-0EE8-4F01-83B9-6ADE888D554C}.Release|Any CPU.Build.0 = Release|Any CPU
		{F7129158-DAA2-46CC-AB31-6E04F01D7BA0}.Debug|Any CPU.ActiveCfg = Debug|Any CPU
		{F7129158-DAA2-46CC-AB31-6E04F01D7BA0}.Debug|Any CPU.Build.0 = Debug|Any CPU
		{F7129158-DAA2-46CC-AB31-6E04F01D7BA0}.Release|Any CPU.ActiveCfg = Release|Any CPU
		{F7129158-DAA2-46CC-AB31-6E04F01D7BA0}.Release|Any CPU.Build.0 = Release|Any CPU
		{F2E4694F-CB98-45E9-A8F4-FA3B5A8237D8}.Debug|Any CPU.ActiveCfg = Debug|Any CPU
		{F2E4694F-CB98-45E9-A8F4-FA3B5A8237D8}.Debug|Any CPU.Build.0 = Debug|Any CPU
		{F2E4694F-CB98-45E9-A8F4-FA3B5A8237D8}.Release|Any CPU.ActiveCfg = Release|Any CPU
		{F2E4694F-CB98-45E9-A8F4-FA3B5A8237D8}.Release|Any CPU.Build.0 = Release|Any CPU
		{4E192E8A-44BA-4EBE-9224-A993178FBB48}.Debug|Any CPU.ActiveCfg = Debug|Any CPU
		{4E192E8A-44BA-4EBE-9224-A993178FBB48}.Debug|Any CPU.Build.0 = Debug|Any CPU
		{4E192E8A-44BA-4EBE-9224-A993178FBB48}.Release|Any CPU.ActiveCfg = Release|Any CPU
		{4E192E8A-44BA-4EBE-9224-A993178FBB48}.Release|Any CPU.Build.0 = Release|Any CPU
		{C93D2FA9-210C-443C-BF1F-8EB4AE93817C}.Debug|Any CPU.ActiveCfg = Debug|Any CPU
		{C93D2FA9-210C-443C-BF1F-8EB4AE93817C}.Debug|Any CPU.Build.0 = Debug|Any CPU
		{C93D2FA9-210C-443C-BF1F-8EB4AE93817C}.Release|Any CPU.ActiveCfg = Release|Any CPU
		{C93D2FA9-210C-443C-BF1F-8EB4AE93817C}.Release|Any CPU.Build.0 = Release|Any CPU
		{168B14B9-E905-409B-B369-92540D7E1ED1}.Debug|Any CPU.ActiveCfg = Debug|Any CPU
		{168B14B9-E905-409B-B369-92540D7E1ED1}.Debug|Any CPU.Build.0 = Debug|Any CPU
		{168B14B9-E905-409B-B369-92540D7E1ED1}.Release|Any CPU.ActiveCfg = Release|Any CPU
		{168B14B9-E905-409B-B369-92540D7E1ED1}.Release|Any CPU.Build.0 = Release|Any CPU
	EndGlobalSection
	GlobalSection(SolutionProperties) = preSolution
		HideSolutionNode = FALSE
	EndGlobalSection
	GlobalSection(NestedProjects) = preSolution
		{AD7694AB-0847-40C4-8AE8-FEAE35BD6C56} = {6ED864DC-F025-406E-9EB8-45B9B8B6D093}
		{88B53CD8-0EE8-4F01-83B9-6ADE888D554C} = {0438645B-6D2E-4492-9F88-4111EA6ADECE}
		{F7129158-DAA2-46CC-AB31-6E04F01D7BA0} = {751EAD50-9AD5-410C-8D54-0A2BB2889835}
		{F2E4694F-CB98-45E9-A8F4-FA3B5A8237D8} = {5E10138D-8870-4058-A00C-8283A3CC0E72}
		{4E192E8A-44BA-4EBE-9224-A993178FBB48} = {E6DA518B-08B5-45CB-A4D2-050AE67AAA82}
		{C93D2FA9-210C-443C-BF1F-8EB4AE93817C} = {B6D6CFF2-56F4-4925-AA72-2805183A4A5B}
		{168B14B9-E905-409B-B369-92540D7E1ED1} = {43F5B84A-655F-4545-BFC7-479AEF7D20B2}
	EndGlobalSection
EndGlobal
